
Microsoft Visual Studio Solution File, Format Version 12.00
# Visual Studio 15
VisualStudioVersion = 15.0.27130.2010
MinimumVisualStudioVersion = 10.0.40219.1
Project("{FAE04EC0-301F-11D3-BF4B-00C04F79EFBC}") = "Utils", "SynchUtils\Utils.csproj", "{64E1F09E-C0FF-469D-BCBF-29ADD1E0E89B}"
EndProject
Project("{FAE04EC0-301F-11D3-BF4B-00C04F79EFBC}") = "Serie1", "Serie1\Serie1.csproj", "{AB978385-1627-4C06-B2C6-99820211A811}"
EndProject
Project("{FAE04EC0-301F-11D3-BF4B-00C04F79EFBC}") = "Serie1Tests", "Serie1Tests\Serie1Tests.csproj", "{627169CD-F524-4267-B8EF-EFC7502E7B50}"
EndProject
Project("{FAE04EC0-301F-11D3-BF4B-00C04F79EFBC}") = "Serie2", "Serie2\Serie2.csproj", "{90073204-7848-42D9-9F7B-BF3F63B48462}"
EndProject
Project("{FAE04EC0-301F-11D3-BF4B-00C04F79EFBC}") = "Serie3", "Serie3\Serie3.csproj", "{74EA029D-8E53-4A73-8773-FD6EC06CC583}"
EndProject
Project("{FAE04EC0-301F-11D3-BF4B-00C04F79EFBC}") = "Serie3Client", "Serie3Client\Serie3Client.csproj", "{CB9BF5ED-D4C8-4E8C-BA0A-11C82F1482A9}"
EndProject
Project("{FAE04EC0-301F-11D3-BF4B-00C04F79EFBC}") = "Estudo", "ConsoleApp1\Estudo.csproj", "{FEC4FC02-7579-42A3-ACB7-969FC5E91100}"
EndProject
Project("{2150E333-8FDC-42A3-9474-1A3956D46DE8}") = "SE3", "SE3", "{84E46D36-45DF-4200-A238-380650D1F2ED}"
EndProject
Project("{FAE04EC0-301F-11D3-BF4B-00C04F79EFBC}") = "SE3E3", "SE3E3\SE3E3.csproj", "{FB480BF6-9C52-4F77-8C75-FDA5608B6FB8}"
EndProject
Global
	GlobalSection(SolutionConfigurationPlatforms) = preSolution
		Debug|Any CPU = Debug|Any CPU
		Release|Any CPU = Release|Any CPU
	EndGlobalSection
	GlobalSection(ProjectConfigurationPlatforms) = postSolution
		{64E1F09E-C0FF-469D-BCBF-29ADD1E0E89B}.Debug|Any CPU.ActiveCfg = Debug|Any CPU
		{64E1F09E-C0FF-469D-BCBF-29ADD1E0E89B}.Debug|Any CPU.Build.0 = Debug|Any CPU
		{64E1F09E-C0FF-469D-BCBF-29ADD1E0E89B}.Release|Any CPU.ActiveCfg = Release|Any CPU
		{64E1F09E-C0FF-469D-BCBF-29ADD1E0E89B}.Release|Any CPU.Build.0 = Release|Any CPU
		{AB978385-1627-4C06-B2C6-99820211A811}.Debug|Any CPU.ActiveCfg = Debug|Any CPU
		{AB978385-1627-4C06-B2C6-99820211A811}.Debug|Any CPU.Build.0 = Debug|Any CPU
		{AB978385-1627-4C06-B2C6-99820211A811}.Release|Any CPU.ActiveCfg = Release|Any CPU
		{AB978385-1627-4C06-B2C6-99820211A811}.Release|Any CPU.Build.0 = Release|Any CPU
		{627169CD-F524-4267-B8EF-EFC7502E7B50}.Debug|Any CPU.ActiveCfg = Debug|Any CPU
		{627169CD-F524-4267-B8EF-EFC7502E7B50}.Debug|Any CPU.Build.0 = Debug|Any CPU
		{627169CD-F524-4267-B8EF-EFC7502E7B50}.Release|Any CPU.ActiveCfg = Release|Any CPU
		{627169CD-F524-4267-B8EF-EFC7502E7B50}.Release|Any CPU.Build.0 = Release|Any CPU
		{90073204-7848-42D9-9F7B-BF3F63B48462}.Debug|Any CPU.ActiveCfg = Debug|Any CPU
		{90073204-7848-42D9-9F7B-BF3F63B48462}.Debug|Any CPU.Build.0 = Debug|Any CPU
		{90073204-7848-42D9-9F7B-BF3F63B48462}.Release|Any CPU.ActiveCfg = Release|Any CPU
		{90073204-7848-42D9-9F7B-BF3F63B48462}.Release|Any CPU.Build.0 = Release|Any CPU
		{74EA029D-8E53-4A73-8773-FD6EC06CC583}.Debug|Any CPU.ActiveCfg = Debug|Any CPU
		{74EA029D-8E53-4A73-8773-FD6EC06CC583}.Debug|Any CPU.Build.0 = Debug|Any CPU
		{74EA029D-8E53-4A73-8773-FD6EC06CC583}.Release|Any CPU.ActiveCfg = Release|Any CPU
		{74EA029D-8E53-4A73-8773-FD6EC06CC583}.Release|Any CPU.Build.0 = Release|Any CPU
		{CB9BF5ED-D4C8-4E8C-BA0A-11C82F1482A9}.Debug|Any CPU.ActiveCfg = Debug|Any CPU
		{CB9BF5ED-D4C8-4E8C-BA0A-11C82F1482A9}.Debug|Any CPU.Build.0 = Debug|Any CPU
		{CB9BF5ED-D4C8-4E8C-BA0A-11C82F1482A9}.Release|Any CPU.ActiveCfg = Release|Any CPU
		{CB9BF5ED-D4C8-4E8C-BA0A-11C82F1482A9}.Release|Any CPU.Build.0 = Release|Any CPU
		{FEC4FC02-7579-42A3-ACB7-969FC5E91100}.Debug|Any CPU.ActiveCfg = Debug|Any CPU
		{FEC4FC02-7579-42A3-ACB7-969FC5E91100}.Debug|Any CPU.Build.0 = Debug|Any CPU
		{FEC4FC02-7579-42A3-ACB7-969FC5E91100}.Release|Any CPU.ActiveCfg = Release|Any CPU
		{FEC4FC02-7579-42A3-ACB7-969FC5E91100}.Release|Any CPU.Build.0 = Release|Any CPU
		{FB480BF6-9C52-4F77-8C75-FDA5608B6FB8}.Debug|Any CPU.ActiveCfg = Debug|Any CPU
		{FB480BF6-9C52-4F77-8C75-FDA5608B6FB8}.Debug|Any CPU.Build.0 = Debug|Any CPU
		{FB480BF6-9C52-4F77-8C75-FDA5608B6FB8}.Release|Any CPU.ActiveCfg = Release|Any CPU
		{FB480BF6-9C52-4F77-8C75-FDA5608B6FB8}.Release|Any CPU.Build.0 = Release|Any CPU
	EndGlobalSection
	GlobalSection(SolutionProperties) = preSolution
		HideSolutionNode = FALSE
	EndGlobalSection
	GlobalSection(NestedProjects) = preSolution
		{74EA029D-8E53-4A73-8773-FD6EC06CC583} = {84E46D36-45DF-4200-A238-380650D1F2ED}
		{CB9BF5ED-D4C8-4E8C-BA0A-11C82F1482A9} = {84E46D36-45DF-4200-A238-380650D1F2ED}
		{FB480BF6-9C52-4F77-8C75-FDA5608B6FB8} = {84E46D36-45DF-4200-A238-380650D1F2ED}
	EndGlobalSection
	GlobalSection(ExtensibilityGlobals) = postSolution
		SolutionGuid = {18FD87F6-430D-443E-A6FF-B25857A06549}
	EndGlobalSection
EndGlobal
